
Microsoft Visual Studio Solution File, Format Version 12.00
# Visual Studio Version 17
VisualStudioVersion = 17.6.33829.357
MinimumVisualStudioVersion = 10.0.40219.1
Project("{FAE04EC0-301F-11D3-BF4B-00C04F79EFBC}") = "EjemplClasesProyecto", "EjemplClasesProyecto\EjemplClasesProyecto.csproj", "{3BF0D869-55AC-48A4-B92E-EACCCB38494F}"
EndProject
Project("{FAE04EC0-301F-11D3-BF4B-00C04F79EFBC}") = "Entidades", "Entidades\Entidades.csproj", "{EA6FAAC0-754E-4F45-90B0-EA03FFB76DC2}"
EndProject
Global
	GlobalSection(SolutionConfigurationPlatforms) = preSolution
		Debug|Any CPU = Debug|Any CPU
		Release|Any CPU = Release|Any CPU
	EndGlobalSection
	GlobalSection(ProjectConfigurationPlatforms) = postSolution
		{3BF0D869-55AC-48A4-B92E-EACCCB38494F}.Debug|Any CPU.ActiveCfg = Debug|Any CPU
		{3BF0D869-55AC-48A4-B92E-EACCCB38494F}.Debug|Any CPU.Build.0 = Debug|Any CPU
		{3BF0D869-55AC-48A4-B92E-EACCCB38494F}.Release|Any CPU.ActiveCfg = Release|Any CPU
		{3BF0D869-55AC-48A4-B92E-EACCCB38494F}.Release|Any CPU.Build.0 = Release|Any CPU
		{EA6FAAC0-754E-4F45-90B0-EA03FFB76DC2}.Debug|Any CPU.ActiveCfg = Debug|Any CPU
		{EA6FAAC0-754E-4F45-90B0-EA03FFB76DC2}.Debug|Any CPU.Build.0 = Debug|Any CPU
		{EA6FAAC0-754E-4F45-90B0-EA03FFB76DC2}.Release|Any CPU.ActiveCfg = Release|Any CPU
		{EA6FAAC0-754E-4F45-90B0-EA03FFB76DC2}.Release|Any CPU.Build.0 = Release|Any CPU
	EndGlobalSection
	GlobalSection(SolutionProperties) = preSolution
		HideSolutionNode = FALSE
	EndGlobalSection
	GlobalSection(ExtensibilityGlobals) = postSolution
		SolutionGuid = {9FCCAAD1-A0D8-442F-951B-9C0E93565FCA}
	EndGlobalSection
EndGlobal
