
Microsoft Visual Studio Solution File, Format Version 12.00
# Visual Studio Version 17
VisualStudioVersion = 17.6.33829.357
MinimumVisualStudioVersion = 10.0.40219.1
Project("{FAE04EC0-301F-11D3-BF4B-00C04F79EFBC}") = "06-Practica1-CreadorVehiculosProyecto", "06-Practica1-CreadorVehiculosProyecto\06-Practica1-CreadorVehiculosProyecto.csproj", "{8E727DA9-8505-4FD5-B766-088C10B36C12}"
EndProject
Project("{FAE04EC0-301F-11D3-BF4B-00C04F79EFBC}") = "Entidades", "Vehiculo\Entidades.csproj", "{DF6B6EB4-9B66-4D30-B226-A51677720109}"
EndProject
Global
	GlobalSection(SolutionConfigurationPlatforms) = preSolution
		Debug|Any CPU = Debug|Any CPU
		Release|Any CPU = Release|Any CPU
	EndGlobalSection
	GlobalSection(ProjectConfigurationPlatforms) = postSolution
		{8E727DA9-8505-4FD5-B766-088C10B36C12}.Debug|Any CPU.ActiveCfg = Debug|Any CPU
		{8E727DA9-8505-4FD5-B766-088C10B36C12}.Debug|Any CPU.Build.0 = Debug|Any CPU
		{8E727DA9-8505-4FD5-B766-088C10B36C12}.Release|Any CPU.ActiveCfg = Release|Any CPU
		{8E727DA9-8505-4FD5-B766-088C10B36C12}.Release|Any CPU.Build.0 = Release|Any CPU
		{DF6B6EB4-9B66-4D30-B226-A51677720109}.Debug|Any CPU.ActiveCfg = Debug|Any CPU
		{DF6B6EB4-9B66-4D30-B226-A51677720109}.Debug|Any CPU.Build.0 = Debug|Any CPU
		{DF6B6EB4-9B66-4D30-B226-A51677720109}.Release|Any CPU.ActiveCfg = Release|Any CPU
		{DF6B6EB4-9B66-4D30-B226-A51677720109}.Release|Any CPU.Build.0 = Release|Any CPU
	EndGlobalSection
	GlobalSection(SolutionProperties) = preSolution
		HideSolutionNode = FALSE
	EndGlobalSection
	GlobalSection(ExtensibilityGlobals) = postSolution
		SolutionGuid = {DB6875B9-50EA-4B2E-8FAC-82411E00C8D8}
	EndGlobalSection
EndGlobal
